// !$*UTF8*$!
{
	archiveVersion = 1;
	classes = {
	};
	objectVersion = 48;
	objects = {

/* Begin PBXBuildFile section */
		443048001EFE547F00C924D9 /* AppDelegate.swift in Sources */ = {isa = PBXBuildFile; fileRef = 443047FF1EFE547F00C924D9 /* AppDelegate.swift */; };
		443048021EFE547F00C924D9 /* ViewController.swift in Sources */ = {isa = PBXBuildFile; fileRef = 443048011EFE547F00C924D9 /* ViewController.swift */; };
		443048071EFE547F00C924D9 /* Assets.xcassets in Resources */ = {isa = PBXBuildFile; fileRef = 443048061EFE547F00C924D9 /* Assets.xcassets */; };
		4430480A1EFE547F00C924D9 /* LaunchScreen.storyboard in Resources */ = {isa = PBXBuildFile; fileRef = 443048081EFE547F00C924D9 /* LaunchScreen.storyboard */; };
		6C59F3D51464C8075E897F3E /* Pods_WeatherCloud.framework in Frameworks */ = {isa = PBXBuildFile; fileRef = 1789C516F7F69D4FC072DD0D /* Pods_WeatherCloud.framework */; };
/* End PBXBuildFile section */

/* Begin PBXFileReference section */
		1789C516F7F69D4FC072DD0D /* Pods_WeatherCloud.framework */ = {isa = PBXFileReference; explicitFileType = wrapper.framework; includeInIndex = 0; path = Pods_WeatherCloud.framework; sourceTree = BUILT_PRODUCTS_DIR; };
		390EA065D0F9D17FF3F39EB9 /* Pods-WeatherCloud.release.xcconfig */ = {isa = PBXFileReference; includeInIndex = 1; lastKnownFileType = text.xcconfig; name = "Pods-WeatherCloud.release.xcconfig"; path = "Pods/Target Support Files/Pods-WeatherCloud/Pods-WeatherCloud.release.xcconfig"; sourceTree = "<group>"; };
		443047FC1EFE547F00C924D9 /* WeatherCloud.app */ = {isa = PBXFileReference; explicitFileType = wrapper.application; includeInIndex = 0; path = WeatherCloud.app; sourceTree = BUILT_PRODUCTS_DIR; };
		443047FF1EFE547F00C924D9 /* AppDelegate.swift */ = {isa = PBXFileReference; lastKnownFileType = sourcecode.swift; path = AppDelegate.swift; sourceTree = "<group>"; };
		443048011EFE547F00C924D9 /* ViewController.swift */ = {isa = PBXFileReference; lastKnownFileType = sourcecode.swift; path = ViewController.swift; sourceTree = "<group>"; };
		443048061EFE547F00C924D9 /* Assets.xcassets */ = {isa = PBXFileReference; lastKnownFileType = folder.assetcatalog; path = Assets.xcassets; sourceTree = "<group>"; };
		443048091EFE547F00C924D9 /* Base */ = {isa = PBXFileReference; lastKnownFileType = file.storyboard; name = Base; path = Base.lproj/LaunchScreen.storyboard; sourceTree = "<group>"; };
		4430480B1EFE547F00C924D9 /* Info.plist */ = {isa = PBXFileReference; lastKnownFileType = text.plist.xml; path = Info.plist; sourceTree = "<group>"; };
		6619DFA76439AF5BF4102718 /* Pods-WeatherCloud.debug.xcconfig */ = {isa = PBXFileReference; includeInIndex = 1; lastKnownFileType = text.xcconfig; name = "Pods-WeatherCloud.debug.xcconfig"; path = "Pods/Target Support Files/Pods-WeatherCloud/Pods-WeatherCloud.debug.xcconfig"; sourceTree = "<group>"; };
/* End PBXFileReference section */

/* Begin PBXFrameworksBuildPhase section */
		443047F91EFE547F00C924D9 /* Frameworks */ = {
			isa = PBXFrameworksBuildPhase;
			buildActionMask = 2147483647;
			files = (
				6C59F3D51464C8075E897F3E /* Pods_WeatherCloud.framework in Frameworks */,
			);
			runOnlyForDeploymentPostprocessing = 0;
		};
/* End PBXFrameworksBuildPhase section */

/* Begin PBXGroup section */
		1427C92D8B47738E36C7140E /* Frameworks */ = {
			isa = PBXGroup;
			children = (
				1789C516F7F69D4FC072DD0D /* Pods_WeatherCloud.framework */,
			);
			name = Frameworks;
			sourceTree = "<group>";
		};
		443047F31EFE547F00C924D9 = {
			isa = PBXGroup;
			children = (
				443047FE1EFE547F00C924D9 /* WeatherCloud */,
				443047FD1EFE547F00C924D9 /* Products */,
				E41E03A7E4132E9B184CB2CA /* Pods */,
				1427C92D8B47738E36C7140E /* Frameworks */,
			);
			sourceTree = "<group>";
		};
		443047FD1EFE547F00C924D9 /* Products */ = {
			isa = PBXGroup;
			children = (
				443047FC1EFE547F00C924D9 /* WeatherCloud.app */,
			);
			name = Products;
			sourceTree = "<group>";
		};
		443047FE1EFE547F00C924D9 /* WeatherCloud */ = {
			isa = PBXGroup;
			children = (
				443047FF1EFE547F00C924D9 /* AppDelegate.swift */,
				443048011EFE547F00C924D9 /* ViewController.swift */,
				443048061EFE547F00C924D9 /* Assets.xcassets */,
				443048081EFE547F00C924D9 /* LaunchScreen.storyboard */,
				4430480B1EFE547F00C924D9 /* Info.plist */,
			);
			path = WeatherCloud;
			sourceTree = "<group>";
		};
		E41E03A7E4132E9B184CB2CA /* Pods */ = {
			isa = PBXGroup;
			children = (
				6619DFA76439AF5BF4102718 /* Pods-WeatherCloud.debug.xcconfig */,
				390EA065D0F9D17FF3F39EB9 /* Pods-WeatherCloud.release.xcconfig */,
			);
			name = Pods;
			sourceTree = "<group>";
		};
/* End PBXGroup section */

/* Begin PBXNativeTarget section */
		443047FB1EFE547F00C924D9 /* WeatherCloud */ = {
			isa = PBXNativeTarget;
			buildConfigurationList = 4430480E1EFE547F00C924D9 /* Build configuration list for PBXNativeTarget "WeatherCloud" */;
			buildPhases = (
				0D3EE8860E57133E95092F09 /* [CP] Check Pods Manifest.lock */,
				443047F81EFE547F00C924D9 /* Sources */,
				443047F91EFE547F00C924D9 /* Frameworks */,
				443047FA1EFE547F00C924D9 /* Resources */,
				F07FA31B9F3B8B260A19CDC7 /* [CP] Embed Pods Frameworks */,
				1F90AFED7C91F4117F81F5D1 /* [CP] Copy Pods Resources */,
			);
			buildRules = (
			);
			dependencies = (
			);
			name = WeatherCloud;
			productName = WeatherCloud;
			productReference = 443047FC1EFE547F00C924D9 /* WeatherCloud.app */;
			productType = "com.apple.product-type.application";
		};
/* End PBXNativeTarget section */

/* Begin PBXProject section */
		443047F41EFE547F00C924D9 /* Project object */ = {
			isa = PBXProject;
			attributes = {
				LastSwiftUpdateCheck = 0900;
				LastUpgradeCheck = 0900;
				ORGANIZATIONNAME = CraigThomas;
				TargetAttributes = {
					443047FB1EFE547F00C924D9 = {
						CreatedOnToolsVersion = 9.0;
					};
				};
			};
			buildConfigurationList = 443047F71EFE547F00C924D9 /* Build configuration list for PBXProject "WeatherCloud" */;
			compatibilityVersion = "Xcode 8.0";
			developmentRegion = en;
			hasScannedForEncodings = 0;
			knownRegions = (
				en,
				Base,
			);
			mainGroup = 443047F31EFE547F00C924D9;
			productRefGroup = 443047FD1EFE547F00C924D9 /* Products */;
			projectDirPath = "";
			projectRoot = "";
			targets = (
				443047FB1EFE547F00C924D9 /* WeatherCloud */,
			);
		};
/* End PBXProject section */

/* Begin PBXResourcesBuildPhase section */
		443047FA1EFE547F00C924D9 /* Resources */ = {
			isa = PBXResourcesBuildPhase;
			buildActionMask = 2147483647;
			files = (
				4430480A1EFE547F00C924D9 /* LaunchScreen.storyboard in Resources */,
				443048071EFE547F00C924D9 /* Assets.xcassets in Resources */,
			);
			runOnlyForDeploymentPostprocessing = 0;
		};
/* End PBXResourcesBuildPhase section */

/* Begin PBXShellScriptBuildPhase section */
		0D3EE8860E57133E95092F09 /* [CP] Check Pods Manifest.lock */ = {
			isa = PBXShellScriptBuildPhase;
			buildActionMask = 2147483647;
			files = (
			);
			inputPaths = (
			);
			name = "[CP] Check Pods Manifest.lock";
			outputPaths = (
			);
			runOnlyForDeploymentPostprocessing = 0;
			shellPath = /bin/sh;
			shellScript = "diff \"${PODS_PODFILE_DIR_PATH}/Podfile.lock\" \"${PODS_ROOT}/Manifest.lock\" > /dev/null\nif [ $? != 0 ] ; then\n    # print error to STDERR\n    echo \"error: The sandbox is not in sync with the Podfile.lock. Run 'pod install' or update your CocoaPods installation.\" >&2\n    exit 1\nfi\n";
			showEnvVarsInLog = 0;
		};
		1F90AFED7C91F4117F81F5D1 /* [CP] Copy Pods Resources */ = {
			isa = PBXShellScriptBuildPhase;
			buildActionMask = 2147483647;
			files = (
			);
			inputPaths = (
			);
			name = "[CP] Copy Pods Resources";
			outputPaths = (
			);
			runOnlyForDeploymentPostprocessing = 0;
			shellPath = /bin/sh;
			shellScript = "\"${SRCROOT}/Pods/Target Support Files/Pods-WeatherCloud/Pods-WeatherCloud-resources.sh\"\n";
			showEnvVarsInLog = 0;
		};
		F07FA31B9F3B8B260A19CDC7 /* [CP] Embed Pods Frameworks */ = {
			isa = PBXShellScriptBuildPhase;
			buildActionMask = 2147483647;
			files = (
			);
			inputPaths = (
			);
			name = "[CP] Embed Pods Frameworks";
			outputPaths = (
			);
			runOnlyForDeploymentPostprocessing = 0;
			shellPath = /bin/sh;
			shellScript = "\"${SRCROOT}/Pods/Target Support Files/Pods-WeatherCloud/Pods-WeatherCloud-frameworks.sh\"\n";
			showEnvVarsInLog = 0;
		};
/* End PBXShellScriptBuildPhase section */

/* Begin PBXSourcesBuildPhase section */
		443047F81EFE547F00C924D9 /* Sources */ = {
			isa = PBXSourcesBuildPhase;
			buildActionMask = 2147483647;
			files = (
				443048021EFE547F00C924D9 /* ViewController.swift in Sources */,
				443048001EFE547F00C924D9 /* AppDelegate.swift in Sources */,
			);
			runOnlyForDeploymentPostprocessing = 0;
		};
/* End PBXSourcesBuildPhase section */

/* Begin PBXVariantGroup section */
		443048081EFE547F00C924D9 /* LaunchScreen.storyboard */ = {
			isa = PBXVariantGroup;
			children = (
				443048091EFE547F00C924D9 /* Base */,
			);
			name = LaunchScreen.storyboard;
			sourceTree = "<group>";
		};
/* End PBXVariantGroup section */

/* Begin XCBuildConfiguration section */
		4430480C1EFE547F00C924D9 /* Debug */ = {
			isa = XCBuildConfiguration;
			buildSettings = {
				ALWAYS_SEARCH_USER_PATHS = NO;
				CLANG_ANALYZER_NONNULL = YES;
				CLANG_ANALYZER_NUMBER_OBJECT_CONVERSION = YES_AGGRESSIVE;
				CLANG_CXX_LANGUAGE_STANDARD = "gnu++14";
				CLANG_CXX_LIBRARY = "libc++";
				CLANG_ENABLE_MODULES = YES;
				CLANG_ENABLE_OBJC_ARC = YES;
				CLANG_WARN_BLOCK_CAPTURE_AUTORELEASING = YES;
				CLANG_WARN_BOOL_CONVERSION = YES;
				CLANG_WARN_COMMA = YES;
				CLANG_WARN_CONSTANT_CONVERSION = YES;
				CLANG_WARN_DIRECT_OBJC_ISA_USAGE = YES_ERROR;
				CLANG_WARN_DOCUMENTATION_COMMENTS = YES;
				CLANG_WARN_EMPTY_BODY = YES;
				CLANG_WARN_ENUM_CONVERSION = YES;
				CLANG_WARN_INFINITE_RECURSION = YES;
				CLANG_WARN_INT_CONVERSION = YES;
				CLANG_WARN_OBJC_ROOT_CLASS = YES_ERROR;
				CLANG_WARN_RANGE_LOOP_ANALYSIS = YES;
				CLANG_WARN_STRICT_PROTOTYPES = YES;
				CLANG_WARN_SUSPICIOUS_MOVE = YES;
				CLANG_WARN_UNGUARDED_AVAILABILITY = YES_AGGRESSIVE;
				CLANG_WARN_UNREACHABLE_CODE = YES;
				CLANG_WARN__DUPLICATE_METHOD_MATCH = YES;
				CODE_SIGN_IDENTITY = "iPhone Developer";
				COPY_PHASE_STRIP = NO;
				DEBUG_INFORMATION_FORMAT = dwarf;
				ENABLE_STRICT_OBJC_MSGSEND = YES;
				ENABLE_TESTABILITY = YES;
				GCC_C_LANGUAGE_STANDARD = gnu11;
				GCC_DYNAMIC_NO_PIC = NO;
				GCC_NO_COMMON_BLOCKS = YES;
				GCC_OPTIMIZATION_LEVEL = 0;
				GCC_PREPROCESSOR_DEFINITIONS = (
					"DEBUG=1",
					"$(inherited)",
				);
				GCC_WARN_64_TO_32_BIT_CONVERSION = YES;
				GCC_WARN_ABOUT_RETURN_TYPE = YES_ERROR;
				GCC_WARN_UNDECLARED_SELECTOR = YES;
				GCC_WARN_UNINITIALIZED_AUTOS = YES_AGGRESSIVE;
				GCC_WARN_UNUSED_FUNCTION = YES;
				GCC_WARN_UNUSED_VARIABLE = YES;
				IPHONEOS_DEPLOYMENT_TARGET = 11.0;
				MTL_ENABLE_DEBUG_INFO = YES;
				ONLY_ACTIVE_ARCH = YES;
				SDKROOT = iphoneos;
				SWIFT_ACTIVE_COMPILATION_CONDITIONS = DEBUG;
				SWIFT_OPTIMIZATION_LEVEL = "-Onone";
			};
			name = Debug;
		};
		4430480D1EFE547F00C924D9 /* Release */ = {
			isa = XCBuildConfiguration;
			buildSettings = {
				ALWAYS_SEARCH_USER_PATHS = NO;
				CLANG_ANALYZER_NONNULL = YES;
				CLANG_ANALYZER_NUMBER_OBJECT_CONVERSION = YES_AGGRESSIVE;
				CLANG_CXX_LANGUAGE_STANDARD = "gnu++14";
				CLANG_CXX_LIBRARY = "libc++";
				CLANG_ENABLE_MODULES = YES;
				CLANG_ENABLE_OBJC_ARC = YES;
				CLANG_WARN_BLOCK_CAPTURE_AUTORELEASING = YES;
				CLANG_WARN_BOOL_CONVERSION = YES;
				CLANG_WARN_COMMA = YES;
				CLANG_WARN_CONSTANT_CONVERSION = YES;
				CLANG_WARN_DIRECT_OBJC_ISA_USAGE = YES_ERROR;
				CLANG_WARN_DOCUMENTATION_COMMENTS = YES;
				CLANG_WARN_EMPTY_BODY = YES;
				CLANG_WARN_ENUM_CONVERSION = YES;
				CLANG_WARN_INFINITE_RECURSION = YES;
				CLANG_WARN_INT_CONVERSION = YES;
				CLANG_WARN_OBJC_ROOT_CLASS = YES_ERROR;
				CLANG_WARN_RANGE_LOOP_ANALYSIS = YES;
				CLANG_WARN_STRICT_PROTOTYPES = YES;
				CLANG_WARN_SUSPICIOUS_MOVE = YES;
				CLANG_WARN_UNGUARDED_AVAILABILITY = YES_AGGRESSIVE;
				CLANG_WARN_UNREACHABLE_CODE = YES;
				CLANG_WARN__DUPLICATE_METHOD_MATCH = YES;
				CODE_SIGN_IDENTITY = "iPhone Developer";
				COPY_PHASE_STRIP = NO;
				DEBUG_INFORMATION_FORMAT = "dwarf-with-dsym";
				ENABLE_NS_ASSERTIONS = NO;
				ENABLE_STRICT_OBJC_MSGSEND = YES;
				GCC_C_LANGUAGE_STANDARD = gnu11;
				GCC_NO_COMMON_BLOCKS = YES;
				GCC_WARN_64_TO_32_BIT_CONVERSION = YES;
				GCC_WARN_ABOUT_RETURN_TYPE = YES_ERROR;
				GCC_WARN_UNDECLARED_SELECTOR = YES;
				GCC_WARN_UNINITIALIZED_AUTOS = YES_AGGRESSIVE;
				GCC_WARN_UNUSED_FUNCTION = YES;
				GCC_WARN_UNUSED_VARIABLE = YES;
				IPHONEOS_DEPLOYMENT_TARGET = 11.0;
				MTL_ENABLE_DEBUG_INFO = NO;
				SDKROOT = iphoneos;
				SWIFT_OPTIMIZATION_LEVEL = "-Owholemodule";
				VALIDATE_PRODUCT = YES;
			};
			name = Release;
		};
		4430480F1EFE547F00C924D9 /* Debug */ = {
			isa = XCBuildConfiguration;
			baseConfigurationReference = 6619DFA76439AF5BF4102718 /* Pods-WeatherCloud.debug.xcconfig */;
			buildSettings = {
				ASSETCATALOG_COMPILER_APPICON_NAME = AppIcon;
				INFOPLIST_FILE = WeatherCloud/Info.plist;
				LD_RUNPATH_SEARCH_PATHS = "$(inherited) @executable_path/Frameworks";
				PRODUCT_BUNDLE_IDENTIFIER = com.weather.cloud.weathercloud;
				PRODUCT_NAME = "$(TARGET_NAME)";
				SWIFT_VERSION = 4.0;
				TARGETED_DEVICE_FAMILY = 1;
			};
			name = Debug;
		};
		443048101EFE547F00C924D9 /* Release */ = {
			isa = XCBuildConfiguration;
			baseConfigurationReference = 390EA065D0F9D17FF3F39EB9 /* Pods-WeatherCloud.release.xcconfig */;
			buildSettings = {
				ASSETCATALOG_COMPILER_APPICON_NAME = AppIcon;
				INFOPLIST_FILE = WeatherCloud/Info.plist;
				LD_RUNPATH_SEARCH_PATHS = "$(inherited) @executable_path/Frameworks";
				PRODUCT_BUNDLE_IDENTIFIER = com.weather.cloud.weathercloud;
				PRODUCT_NAME = "$(TARGET_NAME)";
				SWIFT_VERSION = 4.0;
				TARGETED_DEVICE_FAMILY = 1;
			};
			name = Release;
		};
/* End XCBuildConfiguration section */

/* Begin XCConfigurationList section */
		443047F71EFE547F00C924D9 /* Build configuration list for PBXProject "WeatherCloud" */ = {
			isa = XCConfigurationList;
			buildConfigurations = (
				4430480C1EFE547F00C924D9 /* Debug */,
				4430480D1EFE547F00C924D9 /* Release */,
			);
			defaultConfigurationIsVisible = 0;
			defaultConfigurationName = Release;
		};
		4430480E1EFE547F00C924D9 /* Build configuration list for PBXNativeTarget "WeatherCloud" */ = {
			isa = XCConfigurationList;
			buildConfigurations = (
				4430480F1EFE547F00C924D9 /* Debug */,
				443048101EFE547F00C924D9 /* Release */,
			);
			defaultConfigurationIsVisible = 0;
			defaultConfigurationName = Release;
		};
/* End XCConfigurationList section */
	};
	rootObject = 443047F41EFE547F00C924D9 /* Project object */;
}
